
Microsoft Visual Studio Solution File, Format Version 12.00
# Visual Studio 15
VisualStudioVersion = 15.0.28307.645
MinimumVisualStudioVersion = 10.0.40219.1
Project("{9A19103F-16F7-4668-BE54-9A1E7A4F7556}") = "01.Ages", "01.Ages\01.Ages.csproj", "{A068E351-CDA3-4DFA-9173-851B1BAFD139}"
EndProject
Project("{9A19103F-16F7-4668-BE54-9A1E7A4F7556}") = "02.Division", "02.Division\02.Division.csproj", "{1C47B48B-6F63-4D13-9FD9-F5A4D1481607}"
EndProject
Project("{9A19103F-16F7-4668-BE54-9A1E7A4F7556}") = "05.Login", "05.Login\05.Login.csproj", "{534E53B7-53F8-4193-8977-7C3C49693B02}"
EndProject
Project("{FAE04EC0-301F-11D3-BF4B-00C04F79EFBC}") = "06.StrongNumber", "06.StrongNumber\06.StrongNumber.csproj", "{FD8AB5AC-4DB2-45CC-AB65-7025DA597682}"
EndProject
Project("{FAE04EC0-301F-11D3-BF4B-00C04F79EFBC}") = "07.VendingMachine", "07.VendingMachine\07.VendingMachine.csproj", "{20F66A16-523E-4D3E-A690-F37287B433DD}"
EndProject
Project("{FAE04EC0-301F-11D3-BF4B-00C04F79EFBC}") = "08.TriangleOfNumbers", "08.TriangleOfNumbers\08.TriangleOfNumbers.csproj", "{FD25A8A1-0C3A-47E1-8688-D54FAB7B8B23}"
EndProject
Project("{FAE04EC0-301F-11D3-BF4B-00C04F79EFBC}") = "09.PadawanEquipment", "09.PadawanEquipment\09.PadawanEquipment.csproj", "{7DB04089-CE7E-4EFB-B7FF-6C1E26EF9767}"
EndProject
Project("{FAE04EC0-301F-11D3-BF4B-00C04F79EFBC}") = "10.RageExperience", "10.RageExperience\10.RageExperience.csproj", "{E2891838-4658-404B-BDD2-3128D9775670}"
EndProject
Global
	GlobalSection(SolutionConfigurationPlatforms) = preSolution
		Debug|Any CPU = Debug|Any CPU
		Release|Any CPU = Release|Any CPU
	EndGlobalSection
	GlobalSection(ProjectConfigurationPlatforms) = postSolution
		{A068E351-CDA3-4DFA-9173-851B1BAFD139}.Debug|Any CPU.ActiveCfg = Debug|Any CPU
		{A068E351-CDA3-4DFA-9173-851B1BAFD139}.Debug|Any CPU.Build.0 = Debug|Any CPU
		{A068E351-CDA3-4DFA-9173-851B1BAFD139}.Release|Any CPU.ActiveCfg = Release|Any CPU
		{A068E351-CDA3-4DFA-9173-851B1BAFD139}.Release|Any CPU.Build.0 = Release|Any CPU
		{1C47B48B-6F63-4D13-9FD9-F5A4D1481607}.Debug|Any CPU.ActiveCfg = Debug|Any CPU
		{1C47B48B-6F63-4D13-9FD9-F5A4D1481607}.Debug|Any CPU.Build.0 = Debug|Any CPU
		{1C47B48B-6F63-4D13-9FD9-F5A4D1481607}.Release|Any CPU.ActiveCfg = Release|Any CPU
		{1C47B48B-6F63-4D13-9FD9-F5A4D1481607}.Release|Any CPU.Build.0 = Release|Any CPU
		{534E53B7-53F8-4193-8977-7C3C49693B02}.Debug|Any CPU.ActiveCfg = Debug|Any CPU
		{534E53B7-53F8-4193-8977-7C3C49693B02}.Debug|Any CPU.Build.0 = Debug|Any CPU
		{534E53B7-53F8-4193-8977-7C3C49693B02}.Release|Any CPU.ActiveCfg = Release|Any CPU
		{534E53B7-53F8-4193-8977-7C3C49693B02}.Release|Any CPU.Build.0 = Release|Any CPU
		{FD8AB5AC-4DB2-45CC-AB65-7025DA597682}.Debug|Any CPU.ActiveCfg = Debug|Any CPU
		{FD8AB5AC-4DB2-45CC-AB65-7025DA597682}.Debug|Any CPU.Build.0 = Debug|Any CPU
		{FD8AB5AC-4DB2-45CC-AB65-7025DA597682}.Release|Any CPU.ActiveCfg = Release|Any CPU
		{FD8AB5AC-4DB2-45CC-AB65-7025DA597682}.Release|Any CPU.Build.0 = Release|Any CPU
		{20F66A16-523E-4D3E-A690-F37287B433DD}.Debug|Any CPU.ActiveCfg = Debug|Any CPU
		{20F66A16-523E-4D3E-A690-F37287B433DD}.Debug|Any CPU.Build.0 = Debug|Any CPU
		{20F66A16-523E-4D3E-A690-F37287B433DD}.Release|Any CPU.ActiveCfg = Release|Any CPU
		{20F66A16-523E-4D3E-A690-F37287B433DD}.Release|Any CPU.Build.0 = Release|Any CPU
		{FD25A8A1-0C3A-47E1-8688-D54FAB7B8B23}.Debug|Any CPU.ActiveCfg = Debug|Any CPU
		{FD25A8A1-0C3A-47E1-8688-D54FAB7B8B23}.Debug|Any CPU.Build.0 = Debug|Any CPU
		{FD25A8A1-0C3A-47E1-8688-D54FAB7B8B23}.Release|Any CPU.ActiveCfg = Release|Any CPU
		{FD25A8A1-0C3A-47E1-8688-D54FAB7B8B23}.Release|Any CPU.Build.0 = Release|Any CPU
		{7DB04089-CE7E-4EFB-B7FF-6C1E26EF9767}.Debug|Any CPU.ActiveCfg = Debug|Any CPU
		{7DB04089-CE7E-4EFB-B7FF-6C1E26EF9767}.Debug|Any CPU.Build.0 = Debug|Any CPU
		{7DB04089-CE7E-4EFB-B7FF-6C1E26EF9767}.Release|Any CPU.ActiveCfg = Release|Any CPU
		{7DB04089-CE7E-4EFB-B7FF-6C1E26EF9767}.Release|Any CPU.Build.0 = Release|Any CPU
		{E2891838-4658-404B-BDD2-3128D9775670}.Debug|Any CPU.ActiveCfg = Debug|Any CPU
		{E2891838-4658-404B-BDD2-3128D9775670}.Debug|Any CPU.Build.0 = Debug|Any CPU
		{E2891838-4658-404B-BDD2-3128D9775670}.Release|Any CPU.ActiveCfg = Release|Any CPU
		{E2891838-4658-404B-BDD2-3128D9775670}.Release|Any CPU.Build.0 = Release|Any CPU
	EndGlobalSection
	GlobalSection(SolutionProperties) = preSolution
		HideSolutionNode = FALSE
	EndGlobalSection
	GlobalSection(ExtensibilityGlobals) = postSolution
		SolutionGuid = {AE327E88-48ED-477E-B32E-1BC69AB88C02}
	EndGlobalSection
EndGlobal
