
Microsoft Visual Studio Solution File, Format Version 12.00
# Visual Studio 15
VisualStudioVersion = 15.0.28307.645
MinimumVisualStudioVersion = 10.0.40219.1
Project("{FAE04EC0-301F-11D3-BF4B-00C04F79EFBC}") = "01.EncryptSortNPrintArr", "01.EncryptSortNPrintArr\01.EncryptSortNPrintArr.csproj", "{6F09883A-56DE-424E-8139-9189E94F3A07}"
EndProject
Project("{FAE04EC0-301F-11D3-BF4B-00C04F79EFBC}") = "demo", "demo\demo.csproj", "{969B3233-4CEF-41B1-B6A7-40EFC2544D79}"
EndProject
Global
	GlobalSection(SolutionConfigurationPlatforms) = preSolution
		Debug|Any CPU = Debug|Any CPU
		Release|Any CPU = Release|Any CPU
	EndGlobalSection
	GlobalSection(ProjectConfigurationPlatforms) = postSolution
		{6F09883A-56DE-424E-8139-9189E94F3A07}.Debug|Any CPU.ActiveCfg = Debug|Any CPU
		{6F09883A-56DE-424E-8139-9189E94F3A07}.Debug|Any CPU.Build.0 = Debug|Any CPU
		{6F09883A-56DE-424E-8139-9189E94F3A07}.Release|Any CPU.ActiveCfg = Release|Any CPU
		{6F09883A-56DE-424E-8139-9189E94F3A07}.Release|Any CPU.Build.0 = Release|Any CPU
		{969B3233-4CEF-41B1-B6A7-40EFC2544D79}.Debug|Any CPU.ActiveCfg = Debug|Any CPU
		{969B3233-4CEF-41B1-B6A7-40EFC2544D79}.Debug|Any CPU.Build.0 = Debug|Any CPU
		{969B3233-4CEF-41B1-B6A7-40EFC2544D79}.Release|Any CPU.ActiveCfg = Release|Any CPU
		{969B3233-4CEF-41B1-B6A7-40EFC2544D79}.Release|Any CPU.Build.0 = Release|Any CPU
	EndGlobalSection
	GlobalSection(SolutionProperties) = preSolution
		HideSolutionNode = FALSE
	EndGlobalSection
	GlobalSection(ExtensibilityGlobals) = postSolution
		SolutionGuid = {C133947D-CF19-4153-82D6-1310C5D7607B}
	EndGlobalSection
EndGlobal
