
Microsoft Visual Studio Solution File, Format Version 12.00
# Visual Studio 15
VisualStudioVersion = 15.0.28307.645
MinimumVisualStudioVersion = 10.0.40219.1
Project("{9A19103F-16F7-4668-BE54-9A1E7A4F7556}") = "01.IntegerOperations", "01.IntegerOperations\01.IntegerOperations.csproj", "{E381D821-7361-4AB5-9F68-75F76FEF9B05}"
EndProject
Project("{9A19103F-16F7-4668-BE54-9A1E7A4F7556}") = "02.SumDigits", "02.SumDigits\02.SumDigits.csproj", "{C60B35DD-B700-476A-8D48-2D78DC88D1C5}"
EndProject
Project("{9A19103F-16F7-4668-BE54-9A1E7A4F7556}") = "03.Elevator", "03.Elevator\03.Elevator.csproj", "{07559973-8C29-444D-A16D-1FCE2E2CFA6C}"
EndProject
Project("{9A19103F-16F7-4668-BE54-9A1E7A4F7556}") = "04.SumOfChars", "04.SumOfChars\04.SumOfChars.csproj", "{C4B0C72E-18E5-43EE-9260-02A864EB2DF1}"
EndProject
Project("{9A19103F-16F7-4668-BE54-9A1E7A4F7556}") = "05.PrintPartOfAsciiTable", "05.PrintPartOfAsciiTable\05.PrintPartOfAsciiTable.csproj", "{864EAB11-A775-4D2E-AB8B-132211283AA1}"
EndProject
Project("{9A19103F-16F7-4668-BE54-9A1E7A4F7556}") = "06.TriplesOfLatinLetters", "06.TriplesOfLatinLetters\06.TriplesOfLatinLetters.csproj", "{878B2A32-8039-446B-BA08-C8A36ED5A82B}"
EndProject
Project("{FAE04EC0-301F-11D3-BF4B-00C04F79EFBC}") = "07.WaterOverflow", "07.WaterOverflow\07.WaterOverflow.csproj", "{F5C3D265-739A-4B1A-8B40-3FE1D5F1083C}"
EndProject
Project("{FAE04EC0-301F-11D3-BF4B-00C04F79EFBC}") = "08.BeerKegs", "08.BeerKegs\08.BeerKegs.csproj", "{B1B783C6-4FCF-4B8C-B08D-F369E4B203B5}"
EndProject
Project("{FAE04EC0-301F-11D3-BF4B-00C04F79EFBC}") = "09.SpiceMustFlow", "09.SpiceMustFlow\09.SpiceMustFlow.csproj", "{CFCC19A4-9CB7-4DF5-BBD7-232E7EB37AF1}"
EndProject
Project("{FAE04EC0-301F-11D3-BF4B-00C04F79EFBC}") = "10.PokeMon", "10.PokeMon\10.PokeMon.csproj", "{6FFEE27C-F3D1-4E5A-BD55-EA53302A0563}"
EndProject
Project("{FAE04EC0-301F-11D3-BF4B-00C04F79EFBC}") = "11.SnowBalls", "11.SnowBalls\11.SnowBalls.csproj", "{C322B3BC-9F63-4328-B636-65946B5811C4}"
EndProject
Global
	GlobalSection(SolutionConfigurationPlatforms) = preSolution
		Debug|Any CPU = Debug|Any CPU
		Release|Any CPU = Release|Any CPU
	EndGlobalSection
	GlobalSection(ProjectConfigurationPlatforms) = postSolution
		{E381D821-7361-4AB5-9F68-75F76FEF9B05}.Debug|Any CPU.ActiveCfg = Debug|Any CPU
		{E381D821-7361-4AB5-9F68-75F76FEF9B05}.Debug|Any CPU.Build.0 = Debug|Any CPU
		{E381D821-7361-4AB5-9F68-75F76FEF9B05}.Release|Any CPU.ActiveCfg = Release|Any CPU
		{E381D821-7361-4AB5-9F68-75F76FEF9B05}.Release|Any CPU.Build.0 = Release|Any CPU
		{C60B35DD-B700-476A-8D48-2D78DC88D1C5}.Debug|Any CPU.ActiveCfg = Debug|Any CPU
		{C60B35DD-B700-476A-8D48-2D78DC88D1C5}.Debug|Any CPU.Build.0 = Debug|Any CPU
		{C60B35DD-B700-476A-8D48-2D78DC88D1C5}.Release|Any CPU.ActiveCfg = Release|Any CPU
		{C60B35DD-B700-476A-8D48-2D78DC88D1C5}.Release|Any CPU.Build.0 = Release|Any CPU
		{07559973-8C29-444D-A16D-1FCE2E2CFA6C}.Debug|Any CPU.ActiveCfg = Debug|Any CPU
		{07559973-8C29-444D-A16D-1FCE2E2CFA6C}.Debug|Any CPU.Build.0 = Debug|Any CPU
		{07559973-8C29-444D-A16D-1FCE2E2CFA6C}.Release|Any CPU.ActiveCfg = Release|Any CPU
		{07559973-8C29-444D-A16D-1FCE2E2CFA6C}.Release|Any CPU.Build.0 = Release|Any CPU
		{C4B0C72E-18E5-43EE-9260-02A864EB2DF1}.Debug|Any CPU.ActiveCfg = Debug|Any CPU
		{C4B0C72E-18E5-43EE-9260-02A864EB2DF1}.Debug|Any CPU.Build.0 = Debug|Any CPU
		{C4B0C72E-18E5-43EE-9260-02A864EB2DF1}.Release|Any CPU.ActiveCfg = Release|Any CPU
		{C4B0C72E-18E5-43EE-9260-02A864EB2DF1}.Release|Any CPU.Build.0 = Release|Any CPU
		{864EAB11-A775-4D2E-AB8B-132211283AA1}.Debug|Any CPU.ActiveCfg = Debug|Any CPU
		{864EAB11-A775-4D2E-AB8B-132211283AA1}.Debug|Any CPU.Build.0 = Debug|Any CPU
		{864EAB11-A775-4D2E-AB8B-132211283AA1}.Release|Any CPU.ActiveCfg = Release|Any CPU
		{864EAB11-A775-4D2E-AB8B-132211283AA1}.Release|Any CPU.Build.0 = Release|Any CPU
		{878B2A32-8039-446B-BA08-C8A36ED5A82B}.Debug|Any CPU.ActiveCfg = Debug|Any CPU
		{878B2A32-8039-446B-BA08-C8A36ED5A82B}.Debug|Any CPU.Build.0 = Debug|Any CPU
		{878B2A32-8039-446B-BA08-C8A36ED5A82B}.Release|Any CPU.ActiveCfg = Release|Any CPU
		{878B2A32-8039-446B-BA08-C8A36ED5A82B}.Release|Any CPU.Build.0 = Release|Any CPU
		{F5C3D265-739A-4B1A-8B40-3FE1D5F1083C}.Debug|Any CPU.ActiveCfg = Debug|Any CPU
		{F5C3D265-739A-4B1A-8B40-3FE1D5F1083C}.Debug|Any CPU.Build.0 = Debug|Any CPU
		{F5C3D265-739A-4B1A-8B40-3FE1D5F1083C}.Release|Any CPU.ActiveCfg = Release|Any CPU
		{F5C3D265-739A-4B1A-8B40-3FE1D5F1083C}.Release|Any CPU.Build.0 = Release|Any CPU
		{B1B783C6-4FCF-4B8C-B08D-F369E4B203B5}.Debug|Any CPU.ActiveCfg = Debug|Any CPU
		{B1B783C6-4FCF-4B8C-B08D-F369E4B203B5}.Debug|Any CPU.Build.0 = Debug|Any CPU
		{B1B783C6-4FCF-4B8C-B08D-F369E4B203B5}.Release|Any CPU.ActiveCfg = Release|Any CPU
		{B1B783C6-4FCF-4B8C-B08D-F369E4B203B5}.Release|Any CPU.Build.0 = Release|Any CPU
		{CFCC19A4-9CB7-4DF5-BBD7-232E7EB37AF1}.Debug|Any CPU.ActiveCfg = Debug|Any CPU
		{CFCC19A4-9CB7-4DF5-BBD7-232E7EB37AF1}.Debug|Any CPU.Build.0 = Debug|Any CPU
		{CFCC19A4-9CB7-4DF5-BBD7-232E7EB37AF1}.Release|Any CPU.ActiveCfg = Release|Any CPU
		{CFCC19A4-9CB7-4DF5-BBD7-232E7EB37AF1}.Release|Any CPU.Build.0 = Release|Any CPU
		{6FFEE27C-F3D1-4E5A-BD55-EA53302A0563}.Debug|Any CPU.ActiveCfg = Debug|Any CPU
		{6FFEE27C-F3D1-4E5A-BD55-EA53302A0563}.Debug|Any CPU.Build.0 = Debug|Any CPU
		{6FFEE27C-F3D1-4E5A-BD55-EA53302A0563}.Release|Any CPU.ActiveCfg = Release|Any CPU
		{6FFEE27C-F3D1-4E5A-BD55-EA53302A0563}.Release|Any CPU.Build.0 = Release|Any CPU
		{C322B3BC-9F63-4328-B636-65946B5811C4}.Debug|Any CPU.ActiveCfg = Debug|Any CPU
		{C322B3BC-9F63-4328-B636-65946B5811C4}.Debug|Any CPU.Build.0 = Debug|Any CPU
		{C322B3BC-9F63-4328-B636-65946B5811C4}.Release|Any CPU.ActiveCfg = Release|Any CPU
		{C322B3BC-9F63-4328-B636-65946B5811C4}.Release|Any CPU.Build.0 = Release|Any CPU
	EndGlobalSection
	GlobalSection(SolutionProperties) = preSolution
		HideSolutionNode = FALSE
	EndGlobalSection
	GlobalSection(ExtensibilityGlobals) = postSolution
		SolutionGuid = {9E3FE2FC-6503-4535-9037-DF1B0C2763BA}
	EndGlobalSection
EndGlobal
