
Microsoft Visual Studio Solution File, Format Version 12.00
# Visual Studio 15
VisualStudioVersion = 15.0.28307.645
MinimumVisualStudioVersion = 10.0.40219.1
Project("{9A19103F-16F7-4668-BE54-9A1E7A4F7556}") = "01.Train", "01.Train\01.Train.csproj", "{86B63F22-7175-455F-9A98-F827BFAA7461}"
EndProject
Project("{9A19103F-16F7-4668-BE54-9A1E7A4F7556}") = "02.CommonElements", "02.CommonElements\02.CommonElements.csproj", "{4D0FFADA-E19D-4FB4-9991-962F13FA8494}"
EndProject
Project("{9A19103F-16F7-4668-BE54-9A1E7A4F7556}") = "03.ZigZagArrays", "03.ZigZagArrays\03.ZigZagArrays.csproj", "{644D6390-BD6E-4DC6-8294-7B699A622344}"
EndProject
Project("{9A19103F-16F7-4668-BE54-9A1E7A4F7556}") = "04.ArrayRotation", "04.ArrayRotation\04.ArrayRotation.csproj", "{6753E05C-C28D-46A7-81B2-FC3F37AFA126}"
EndProject
Project("{FAE04EC0-301F-11D3-BF4B-00C04F79EFBC}") = "demo", "демо\demo.csproj", "{E6768013-2CDE-4FCC-AAC6-9792ECCE0E12}"
EndProject
Project("{FAE04EC0-301F-11D3-BF4B-00C04F79EFBC}") = "05.TopIntegers", "05.TopIntegers\05.TopIntegers.csproj", "{A6C2C9E8-76AD-41EA-B05A-4CC7DEF210B2}"
EndProject
Project("{FAE04EC0-301F-11D3-BF4B-00C04F79EFBC}") = "06.EqualSums", "06.EqualSums\06.EqualSums.csproj", "{F0984A86-DB66-4256-A2D7-321536D03630}"
EndProject
Project("{FAE04EC0-301F-11D3-BF4B-00C04F79EFBC}") = "07.MaxSequence", "07.MaxSequence\07.MaxSequence.csproj", "{ABB46B75-31AD-4D95-B12B-314033EB64E5}"
EndProject
Project("{FAE04EC0-301F-11D3-BF4B-00C04F79EFBC}") = "08.MagicSum", "08.MagicSum\08.MagicSum.csproj", "{13CBBBD8-7B72-44E5-B37B-7750EBC67736}"
EndProject
Project("{FAE04EC0-301F-11D3-BF4B-00C04F79EFBC}") = "ConsoleApp1", "ConsoleApp1\ConsoleApp1.csproj", "{A6E37D30-FC2B-4FD5-81A7-32DCE7D4A2A5}"
EndProject
Project("{FAE04EC0-301F-11D3-BF4B-00C04F79EFBC}") = "10.LadyBugs", "10.LadyBugs\10.LadyBugs.csproj", "{7692D61F-15C9-48E9-A210-8D67ACCCBB1E}"
EndProject
Global
	GlobalSection(SolutionConfigurationPlatforms) = preSolution
		Debug|Any CPU = Debug|Any CPU
		Release|Any CPU = Release|Any CPU
	EndGlobalSection
	GlobalSection(ProjectConfigurationPlatforms) = postSolution
		{86B63F22-7175-455F-9A98-F827BFAA7461}.Debug|Any CPU.ActiveCfg = Debug|Any CPU
		{86B63F22-7175-455F-9A98-F827BFAA7461}.Debug|Any CPU.Build.0 = Debug|Any CPU
		{86B63F22-7175-455F-9A98-F827BFAA7461}.Release|Any CPU.ActiveCfg = Release|Any CPU
		{86B63F22-7175-455F-9A98-F827BFAA7461}.Release|Any CPU.Build.0 = Release|Any CPU
		{4D0FFADA-E19D-4FB4-9991-962F13FA8494}.Debug|Any CPU.ActiveCfg = Debug|Any CPU
		{4D0FFADA-E19D-4FB4-9991-962F13FA8494}.Debug|Any CPU.Build.0 = Debug|Any CPU
		{4D0FFADA-E19D-4FB4-9991-962F13FA8494}.Release|Any CPU.ActiveCfg = Release|Any CPU
		{4D0FFADA-E19D-4FB4-9991-962F13FA8494}.Release|Any CPU.Build.0 = Release|Any CPU
		{644D6390-BD6E-4DC6-8294-7B699A622344}.Debug|Any CPU.ActiveCfg = Debug|Any CPU
		{644D6390-BD6E-4DC6-8294-7B699A622344}.Debug|Any CPU.Build.0 = Debug|Any CPU
		{644D6390-BD6E-4DC6-8294-7B699A622344}.Release|Any CPU.ActiveCfg = Release|Any CPU
		{644D6390-BD6E-4DC6-8294-7B699A622344}.Release|Any CPU.Build.0 = Release|Any CPU
		{6753E05C-C28D-46A7-81B2-FC3F37AFA126}.Debug|Any CPU.ActiveCfg = Debug|Any CPU
		{6753E05C-C28D-46A7-81B2-FC3F37AFA126}.Debug|Any CPU.Build.0 = Debug|Any CPU
		{6753E05C-C28D-46A7-81B2-FC3F37AFA126}.Release|Any CPU.ActiveCfg = Release|Any CPU
		{6753E05C-C28D-46A7-81B2-FC3F37AFA126}.Release|Any CPU.Build.0 = Release|Any CPU
		{E6768013-2CDE-4FCC-AAC6-9792ECCE0E12}.Debug|Any CPU.ActiveCfg = Debug|Any CPU
		{E6768013-2CDE-4FCC-AAC6-9792ECCE0E12}.Debug|Any CPU.Build.0 = Debug|Any CPU
		{E6768013-2CDE-4FCC-AAC6-9792ECCE0E12}.Release|Any CPU.ActiveCfg = Release|Any CPU
		{E6768013-2CDE-4FCC-AAC6-9792ECCE0E12}.Release|Any CPU.Build.0 = Release|Any CPU
		{A6C2C9E8-76AD-41EA-B05A-4CC7DEF210B2}.Debug|Any CPU.ActiveCfg = Debug|Any CPU
		{A6C2C9E8-76AD-41EA-B05A-4CC7DEF210B2}.Debug|Any CPU.Build.0 = Debug|Any CPU
		{A6C2C9E8-76AD-41EA-B05A-4CC7DEF210B2}.Release|Any CPU.ActiveCfg = Release|Any CPU
		{A6C2C9E8-76AD-41EA-B05A-4CC7DEF210B2}.Release|Any CPU.Build.0 = Release|Any CPU
		{F0984A86-DB66-4256-A2D7-321536D03630}.Debug|Any CPU.ActiveCfg = Debug|Any CPU
		{F0984A86-DB66-4256-A2D7-321536D03630}.Debug|Any CPU.Build.0 = Debug|Any CPU
		{F0984A86-DB66-4256-A2D7-321536D03630}.Release|Any CPU.ActiveCfg = Release|Any CPU
		{F0984A86-DB66-4256-A2D7-321536D03630}.Release|Any CPU.Build.0 = Release|Any CPU
		{ABB46B75-31AD-4D95-B12B-314033EB64E5}.Debug|Any CPU.ActiveCfg = Debug|Any CPU
		{ABB46B75-31AD-4D95-B12B-314033EB64E5}.Debug|Any CPU.Build.0 = Debug|Any CPU
		{ABB46B75-31AD-4D95-B12B-314033EB64E5}.Release|Any CPU.ActiveCfg = Release|Any CPU
		{ABB46B75-31AD-4D95-B12B-314033EB64E5}.Release|Any CPU.Build.0 = Release|Any CPU
		{13CBBBD8-7B72-44E5-B37B-7750EBC67736}.Debug|Any CPU.ActiveCfg = Debug|Any CPU
		{13CBBBD8-7B72-44E5-B37B-7750EBC67736}.Debug|Any CPU.Build.0 = Debug|Any CPU
		{13CBBBD8-7B72-44E5-B37B-7750EBC67736}.Release|Any CPU.ActiveCfg = Release|Any CPU
		{13CBBBD8-7B72-44E5-B37B-7750EBC67736}.Release|Any CPU.Build.0 = Release|Any CPU
		{A6E37D30-FC2B-4FD5-81A7-32DCE7D4A2A5}.Debug|Any CPU.ActiveCfg = Debug|Any CPU
		{A6E37D30-FC2B-4FD5-81A7-32DCE7D4A2A5}.Debug|Any CPU.Build.0 = Debug|Any CPU
		{A6E37D30-FC2B-4FD5-81A7-32DCE7D4A2A5}.Release|Any CPU.ActiveCfg = Release|Any CPU
		{A6E37D30-FC2B-4FD5-81A7-32DCE7D4A2A5}.Release|Any CPU.Build.0 = Release|Any CPU
		{7692D61F-15C9-48E9-A210-8D67ACCCBB1E}.Debug|Any CPU.ActiveCfg = Debug|Any CPU
		{7692D61F-15C9-48E9-A210-8D67ACCCBB1E}.Debug|Any CPU.Build.0 = Debug|Any CPU
		{7692D61F-15C9-48E9-A210-8D67ACCCBB1E}.Release|Any CPU.ActiveCfg = Release|Any CPU
		{7692D61F-15C9-48E9-A210-8D67ACCCBB1E}.Release|Any CPU.Build.0 = Release|Any CPU
	EndGlobalSection
	GlobalSection(SolutionProperties) = preSolution
		HideSolutionNode = FALSE
	EndGlobalSection
	GlobalSection(ExtensibilityGlobals) = postSolution
		SolutionGuid = {EA01569E-5A02-4B46-BD77-5CD3CC7137F5}
	EndGlobalSection
EndGlobal
