
Microsoft Visual Studio Solution File, Format Version 12.00
# Visual Studio 15
VisualStudioVersion = 15.0.28307.645
MinimumVisualStudioVersion = 10.0.40219.1
Project("{9A19103F-16F7-4668-BE54-9A1E7A4F7556}") = "01.ConvertMetersToKm", "01.ConvertMetersToKm\01.ConvertMetersToKm.csproj", "{453A379D-25D5-4855-B5FE-B11C71535BA6}"
EndProject
Project("{9A19103F-16F7-4668-BE54-9A1E7A4F7556}") = "02.PoundsToDollars", "02.PoundsToDollars\02.PoundsToDollars.csproj", "{73E778E0-7740-49EA-97A9-755E9FD229A6}"
EndProject
Project("{9A19103F-16F7-4668-BE54-9A1E7A4F7556}") = "03.ExactSumOfRealNum", "03.ExactSumOfRealNum\03.ExactSumOfRealNum.csproj", "{F49EBA22-973C-4CB3-B839-8CF655C61C09}"
EndProject
Project("{9A19103F-16F7-4668-BE54-9A1E7A4F7556}") = "demo", "демо\demo.csproj", "{7F9D7829-1F4A-4F36-AB6F-A6A0743B73F8}"
EndProject
Project("{9A19103F-16F7-4668-BE54-9A1E7A4F7556}") = "04.CenturiesToMinutes", "04.CenturiesToMinutes\04.CenturiesToMinutes.csproj", "{B8D28BE6-828A-45FF-9DC1-1C06D5253631}"
EndProject
Project("{9A19103F-16F7-4668-BE54-9A1E7A4F7556}") = "05.SpecialNumbers", "05.SpecialNumbers\05.SpecialNumbers.csproj", "{B60760A3-7A7C-4C5A-921B-B6A9DD7B6E2C}"
EndProject
Project("{9A19103F-16F7-4668-BE54-9A1E7A4F7556}") = "06.ReversedChars", "06.ReversedChars\06.ReversedChars.csproj", "{DF053BB0-E6AE-4211-AB0D-D51011AC561C}"
EndProject
Project("{9A19103F-16F7-4668-BE54-9A1E7A4F7556}") = "07.ConcatNames", "07.ConcatNames\07.ConcatNames.csproj", "{484051EC-4E7A-4CA7-9BF2-F83220451371}"
EndProject
Project("{9A19103F-16F7-4668-BE54-9A1E7A4F7556}") = "08.TownInfo", "08.TownInfo\08.TownInfo.csproj", "{C4F93CD9-4830-41CE-8FE8-0728E601056F}"
EndProject
Project("{9A19103F-16F7-4668-BE54-9A1E7A4F7556}") = "09.CharsToString", "09.CharsToString\09.CharsToString.csproj", "{4FA8BE08-82BB-4CBA-8984-60231B680BA3}"
EndProject
Project("{FAE04EC0-301F-11D3-BF4B-00C04F79EFBC}") = "10.LowerToUpper", "10.LowerToUpper\10.LowerToUpper.csproj", "{24A48FDA-DFDC-4595-9F99-EC297E852ED0}"
EndProject
Project("{FAE04EC0-301F-11D3-BF4B-00C04F79EFBC}") = "11.RefactorVolumeOfPyramid", "11.RefactorVolumeOfPyramid\11.RefactorVolumeOfPyramid.csproj", "{5FDD40A1-9684-4702-B31B-E7EC693868D9}"
EndProject
Project("{FAE04EC0-301F-11D3-BF4B-00C04F79EFBC}") = "12.RefactorSpecialNumbers", "12.RefactorSpecialNumbers\12.RefactorSpecialNumbers.csproj", "{12347DF7-2285-4795-9322-63378F3A7187}"
EndProject
Global
	GlobalSection(SolutionConfigurationPlatforms) = preSolution
		Debug|Any CPU = Debug|Any CPU
		Release|Any CPU = Release|Any CPU
	EndGlobalSection
	GlobalSection(ProjectConfigurationPlatforms) = postSolution
		{453A379D-25D5-4855-B5FE-B11C71535BA6}.Debug|Any CPU.ActiveCfg = Debug|Any CPU
		{453A379D-25D5-4855-B5FE-B11C71535BA6}.Debug|Any CPU.Build.0 = Debug|Any CPU
		{453A379D-25D5-4855-B5FE-B11C71535BA6}.Release|Any CPU.ActiveCfg = Release|Any CPU
		{453A379D-25D5-4855-B5FE-B11C71535BA6}.Release|Any CPU.Build.0 = Release|Any CPU
		{73E778E0-7740-49EA-97A9-755E9FD229A6}.Debug|Any CPU.ActiveCfg = Debug|Any CPU
		{73E778E0-7740-49EA-97A9-755E9FD229A6}.Debug|Any CPU.Build.0 = Debug|Any CPU
		{73E778E0-7740-49EA-97A9-755E9FD229A6}.Release|Any CPU.ActiveCfg = Release|Any CPU
		{73E778E0-7740-49EA-97A9-755E9FD229A6}.Release|Any CPU.Build.0 = Release|Any CPU
		{F49EBA22-973C-4CB3-B839-8CF655C61C09}.Debug|Any CPU.ActiveCfg = Debug|Any CPU
		{F49EBA22-973C-4CB3-B839-8CF655C61C09}.Debug|Any CPU.Build.0 = Debug|Any CPU
		{F49EBA22-973C-4CB3-B839-8CF655C61C09}.Release|Any CPU.ActiveCfg = Release|Any CPU
		{F49EBA22-973C-4CB3-B839-8CF655C61C09}.Release|Any CPU.Build.0 = Release|Any CPU
		{7F9D7829-1F4A-4F36-AB6F-A6A0743B73F8}.Debug|Any CPU.ActiveCfg = Debug|Any CPU
		{7F9D7829-1F4A-4F36-AB6F-A6A0743B73F8}.Debug|Any CPU.Build.0 = Debug|Any CPU
		{7F9D7829-1F4A-4F36-AB6F-A6A0743B73F8}.Release|Any CPU.ActiveCfg = Release|Any CPU
		{7F9D7829-1F4A-4F36-AB6F-A6A0743B73F8}.Release|Any CPU.Build.0 = Release|Any CPU
		{B8D28BE6-828A-45FF-9DC1-1C06D5253631}.Debug|Any CPU.ActiveCfg = Debug|Any CPU
		{B8D28BE6-828A-45FF-9DC1-1C06D5253631}.Debug|Any CPU.Build.0 = Debug|Any CPU
		{B8D28BE6-828A-45FF-9DC1-1C06D5253631}.Release|Any CPU.ActiveCfg = Release|Any CPU
		{B8D28BE6-828A-45FF-9DC1-1C06D5253631}.Release|Any CPU.Build.0 = Release|Any CPU
		{B60760A3-7A7C-4C5A-921B-B6A9DD7B6E2C}.Debug|Any CPU.ActiveCfg = Debug|Any CPU
		{B60760A3-7A7C-4C5A-921B-B6A9DD7B6E2C}.Debug|Any CPU.Build.0 = Debug|Any CPU
		{B60760A3-7A7C-4C5A-921B-B6A9DD7B6E2C}.Release|Any CPU.ActiveCfg = Release|Any CPU
		{B60760A3-7A7C-4C5A-921B-B6A9DD7B6E2C}.Release|Any CPU.Build.0 = Release|Any CPU
		{DF053BB0-E6AE-4211-AB0D-D51011AC561C}.Debug|Any CPU.ActiveCfg = Debug|Any CPU
		{DF053BB0-E6AE-4211-AB0D-D51011AC561C}.Debug|Any CPU.Build.0 = Debug|Any CPU
		{DF053BB0-E6AE-4211-AB0D-D51011AC561C}.Release|Any CPU.ActiveCfg = Release|Any CPU
		{DF053BB0-E6AE-4211-AB0D-D51011AC561C}.Release|Any CPU.Build.0 = Release|Any CPU
		{484051EC-4E7A-4CA7-9BF2-F83220451371}.Debug|Any CPU.ActiveCfg = Debug|Any CPU
		{484051EC-4E7A-4CA7-9BF2-F83220451371}.Debug|Any CPU.Build.0 = Debug|Any CPU
		{484051EC-4E7A-4CA7-9BF2-F83220451371}.Release|Any CPU.ActiveCfg = Release|Any CPU
		{484051EC-4E7A-4CA7-9BF2-F83220451371}.Release|Any CPU.Build.0 = Release|Any CPU
		{C4F93CD9-4830-41CE-8FE8-0728E601056F}.Debug|Any CPU.ActiveCfg = Debug|Any CPU
		{C4F93CD9-4830-41CE-8FE8-0728E601056F}.Debug|Any CPU.Build.0 = Debug|Any CPU
		{C4F93CD9-4830-41CE-8FE8-0728E601056F}.Release|Any CPU.ActiveCfg = Release|Any CPU
		{C4F93CD9-4830-41CE-8FE8-0728E601056F}.Release|Any CPU.Build.0 = Release|Any CPU
		{4FA8BE08-82BB-4CBA-8984-60231B680BA3}.Debug|Any CPU.ActiveCfg = Debug|Any CPU
		{4FA8BE08-82BB-4CBA-8984-60231B680BA3}.Debug|Any CPU.Build.0 = Debug|Any CPU
		{4FA8BE08-82BB-4CBA-8984-60231B680BA3}.Release|Any CPU.ActiveCfg = Release|Any CPU
		{4FA8BE08-82BB-4CBA-8984-60231B680BA3}.Release|Any CPU.Build.0 = Release|Any CPU
		{24A48FDA-DFDC-4595-9F99-EC297E852ED0}.Debug|Any CPU.ActiveCfg = Debug|Any CPU
		{24A48FDA-DFDC-4595-9F99-EC297E852ED0}.Debug|Any CPU.Build.0 = Debug|Any CPU
		{24A48FDA-DFDC-4595-9F99-EC297E852ED0}.Release|Any CPU.ActiveCfg = Release|Any CPU
		{24A48FDA-DFDC-4595-9F99-EC297E852ED0}.Release|Any CPU.Build.0 = Release|Any CPU
		{5FDD40A1-9684-4702-B31B-E7EC693868D9}.Debug|Any CPU.ActiveCfg = Debug|Any CPU
		{5FDD40A1-9684-4702-B31B-E7EC693868D9}.Debug|Any CPU.Build.0 = Debug|Any CPU
		{5FDD40A1-9684-4702-B31B-E7EC693868D9}.Release|Any CPU.ActiveCfg = Release|Any CPU
		{5FDD40A1-9684-4702-B31B-E7EC693868D9}.Release|Any CPU.Build.0 = Release|Any CPU
		{12347DF7-2285-4795-9322-63378F3A7187}.Debug|Any CPU.ActiveCfg = Debug|Any CPU
		{12347DF7-2285-4795-9322-63378F3A7187}.Debug|Any CPU.Build.0 = Debug|Any CPU
		{12347DF7-2285-4795-9322-63378F3A7187}.Release|Any CPU.ActiveCfg = Release|Any CPU
		{12347DF7-2285-4795-9322-63378F3A7187}.Release|Any CPU.Build.0 = Release|Any CPU
	EndGlobalSection
	GlobalSection(SolutionProperties) = preSolution
		HideSolutionNode = FALSE
	EndGlobalSection
	GlobalSection(ExtensibilityGlobals) = postSolution
		SolutionGuid = {117A6A7C-DB2A-4879-9C8F-8962C3DC6193}
	EndGlobalSection
EndGlobal
